
Microsoft Visual Studio Solution File, Format Version 12.00
# Visual Studio Version 17
VisualStudioVersion = 17.4.33403.182
MinimumVisualStudioVersion = 10.0.40219.1
Project("{FAE04EC0-301F-11D3-BF4B-00C04F79EFBC}") = "FinalAPI", "FinalAPI\FinalAPI.csproj", "{5624E9C0-7417-401F-B22E-A052B363EF69}"
EndProject
Global
	GlobalSection(SolutionConfigurationPlatforms) = preSolution
		Debug|Any CPU = Debug|Any CPU
		Release|Any CPU = Release|Any CPU
	EndGlobalSection
	GlobalSection(ProjectConfigurationPlatforms) = postSolution
		{5624E9C0-7417-401F-B22E-A052B363EF69}.Debug|Any CPU.ActiveCfg = Debug|Any CPU
		{5624E9C0-7417-401F-B22E-A052B363EF69}.Debug|Any CPU.Build.0 = Debug|Any CPU
		{5624E9C0-7417-401F-B22E-A052B363EF69}.Release|Any CPU.ActiveCfg = Release|Any CPU
		{5624E9C0-7417-401F-B22E-A052B363EF69}.Release|Any CPU.Build.0 = Release|Any CPU
	EndGlobalSection
	GlobalSection(SolutionProperties) = preSolution
		HideSolutionNode = FALSE
	EndGlobalSection
	GlobalSection(ExtensibilityGlobals) = postSolution
		SolutionGuid = {301E72BB-2D3A-4386-B81E-2BA140466891}
	EndGlobalSection
EndGlobal
